
Microsoft Visual Studio Solution File, Format Version 12.00
# Visual Studio Version 17
VisualStudioVersion = 17.5.33414.496
MinimumVisualStudioVersion = 10.0.40219.1
Project("{FAE04EC0-301F-11D3-BF4B-00C04F79EFBC}") = "MesseauftrittDatenerfassung-UI", "Frontend\Panels\MesseauftrittDatenerfassung-UI.csproj", "{8AC48C8F-4C7E-4505-8FA8-3A3D3074AF2B}"
EndProject
Global
	GlobalSection(SolutionConfigurationPlatforms) = preSolution
		Debug|Any CPU = Debug|Any CPU
		Release|Any CPU = Release|Any CPU
	EndGlobalSection
	GlobalSection(ProjectConfigurationPlatforms) = postSolution
		{8AC48C8F-4C7E-4505-8FA8-3A3D3074AF2B}.Debug|Any CPU.ActiveCfg = Debug|Any CPU
		{8AC48C8F-4C7E-4505-8FA8-3A3D3074AF2B}.Debug|Any CPU.Build.0 = Debug|Any CPU
		{8AC48C8F-4C7E-4505-8FA8-3A3D3074AF2B}.Release|Any CPU.ActiveCfg = Release|Any CPU
		{8AC48C8F-4C7E-4505-8FA8-3A3D3074AF2B}.Release|Any CPU.Build.0 = Release|Any CPU
	EndGlobalSection
	GlobalSection(SolutionProperties) = preSolution
		HideSolutionNode = FALSE
	EndGlobalSection
	GlobalSection(ExtensibilityGlobals) = postSolution
		SolutionGuid = {E657D743-4B13-4B85-8808-31A97B83FE6E}
	EndGlobalSection
EndGlobal
